
Microsoft Visual Studio Solution File, Format Version 12.00
# Visual Studio 15
VisualStudioVersion = 15.0.28307.421
MinimumVisualStudioVersion = 10.0.40219.1
Project("{FAE04EC0-301F-11D3-BF4B-00C04F79EFBC}") = "WinForm_Server", "WinForm_Server\WinForm_Server.csproj", "{CFCCC35A-7FFD-463A-AB8A-531B8F2DDB39}"
EndProject
Global
	GlobalSection(SolutionConfigurationPlatforms) = preSolution
		Debug|Any CPU = Debug|Any CPU
		Release|Any CPU = Release|Any CPU
	EndGlobalSection
	GlobalSection(ProjectConfigurationPlatforms) = postSolution
		{CFCCC35A-7FFD-463A-AB8A-531B8F2DDB39}.Debug|Any CPU.ActiveCfg = Debug|Any CPU
		{CFCCC35A-7FFD-463A-AB8A-531B8F2DDB39}.Debug|Any CPU.Build.0 = Debug|Any CPU
		{CFCCC35A-7FFD-463A-AB8A-531B8F2DDB39}.Release|Any CPU.ActiveCfg = Release|Any CPU
		{CFCCC35A-7FFD-463A-AB8A-531B8F2DDB39}.Release|Any CPU.Build.0 = Release|Any CPU
	EndGlobalSection
	GlobalSection(SolutionProperties) = preSolution
		HideSolutionNode = FALSE
	EndGlobalSection
	GlobalSection(ExtensibilityGlobals) = postSolution
		SolutionGuid = {4AC2BB7B-3B39-42D0-920C-7B95B8B175B8}
	EndGlobalSection
EndGlobal
